
Microsoft Visual Studio Solution File, Format Version 12.00
# Visual Studio Version 17
VisualStudioVersion = 17.3.32922.545
MinimumVisualStudioVersion = 10.0.40219.1
Project("{FAE04EC0-301F-11D3-BF4B-00C04F79EFBC}") = "FIT5032_Assignment_LifeCare", "FIT5032_Assignment_LifeCare\FIT5032_Assignment_LifeCare.csproj", "{0B20C66F-DF11-43AB-8220-CDB58A873B5F}"
EndProject
Global
	GlobalSection(SolutionConfigurationPlatforms) = preSolution
		Debug|Any CPU = Debug|Any CPU
		Release|Any CPU = Release|Any CPU
	EndGlobalSection
	GlobalSection(ProjectConfigurationPlatforms) = postSolution
		{0B20C66F-DF11-43AB-8220-CDB58A873B5F}.Debug|Any CPU.ActiveCfg = Debug|Any CPU
		{0B20C66F-DF11-43AB-8220-CDB58A873B5F}.Debug|Any CPU.Build.0 = Debug|Any CPU
		{0B20C66F-DF11-43AB-8220-CDB58A873B5F}.Release|Any CPU.ActiveCfg = Release|Any CPU
		{0B20C66F-DF11-43AB-8220-CDB58A873B5F}.Release|Any CPU.Build.0 = Release|Any CPU
	EndGlobalSection
	GlobalSection(SolutionProperties) = preSolution
		HideSolutionNode = FALSE
	EndGlobalSection
	GlobalSection(ExtensibilityGlobals) = postSolution
		SolutionGuid = {03BA859E-746D-4DDE-A3CB-CDD21FDFB094}
	EndGlobalSection
EndGlobal
